
Microsoft Visual Studio Solution File, Format Version 12.00
# Visual Studio Version 17
VisualStudioVersion = 17.5.002.0
MinimumVisualStudioVersion = 10.0.40219.1
Project("{9A19103F-16F7-4668-BE54-9A1E7A4F7556}") = "appGIUCT", "appGIUCT\appGIUCT.csproj", "{53E7F54F-7A3D-4834-AC95-9E25A8226262}"
EndProject
Global
	GlobalSection(SolutionConfigurationPlatforms) = preSolution
		Debug|Any CPU = Debug|Any CPU
		Release|Any CPU = Release|Any CPU
	EndGlobalSection
	GlobalSection(ProjectConfigurationPlatforms) = postSolution
		{53E7F54F-7A3D-4834-AC95-9E25A8226262}.Debug|Any CPU.ActiveCfg = Debug|Any CPU
		{53E7F54F-7A3D-4834-AC95-9E25A8226262}.Debug|Any CPU.Build.0 = Debug|Any CPU
		{53E7F54F-7A3D-4834-AC95-9E25A8226262}.Release|Any CPU.ActiveCfg = Release|Any CPU
		{53E7F54F-7A3D-4834-AC95-9E25A8226262}.Release|Any CPU.Build.0 = Release|Any CPU
	EndGlobalSection
	GlobalSection(SolutionProperties) = preSolution
		HideSolutionNode = FALSE
	EndGlobalSection
	GlobalSection(ExtensibilityGlobals) = postSolution
		SolutionGuid = {1E30BDD4-664C-424B-8A2C-059D80E8BD91}
	EndGlobalSection
EndGlobal
